
Microsoft Visual Studio Solution File, Format Version 12.00
# Visual Studio Version 17
VisualStudioVersion = 17.14.37012.4 d17.14
MinimumVisualStudioVersion = 10.0.40219.1
Project("{FAE04EC0-301F-11D3-BF4B-00C04F79EFBC}") = "Proiect_PAW_Livrari_La_Domiciliu", "Proiect_PAW_Livrari_La_Domiciliu.csproj", "{9723C22D-F077-41D6-AA02-C62117596EF0}"
EndProject
Global
	GlobalSection(SolutionConfigurationPlatforms) = preSolution
		Debug|Any CPU = Debug|Any CPU
		Release|Any CPU = Release|Any CPU
	EndGlobalSection
	GlobalSection(ProjectConfigurationPlatforms) = postSolution
		{9723C22D-F077-41D6-AA02-C62117596EF0}.Debug|Any CPU.ActiveCfg = Debug|Any CPU
		{9723C22D-F077-41D6-AA02-C62117596EF0}.Debug|Any CPU.Build.0 = Debug|Any CPU
		{9723C22D-F077-41D6-AA02-C62117596EF0}.Release|Any CPU.ActiveCfg = Release|Any CPU
		{9723C22D-F077-41D6-AA02-C62117596EF0}.Release|Any CPU.Build.0 = Release|Any CPU
	EndGlobalSection
	GlobalSection(SolutionProperties) = preSolution
		HideSolutionNode = FALSE
	EndGlobalSection
	GlobalSection(ExtensibilityGlobals) = postSolution
		SolutionGuid = {5439BE42-3A4D-40A9-8894-7568DCF6964A}
	EndGlobalSection
EndGlobal
